
Microsoft Visual Studio Solution File, Format Version 12.00
# Visual Studio Version 16
VisualStudioVersion = 16.0.30709.132
MinimumVisualStudioVersion = 10.0.40219.1
Project("{FAE04EC0-301F-11D3-BF4B-00C04F79EFBC}") = "Cryptography.CAL", "Cryptography.CAL\Cryptography.CAL.csproj", "{1F662DE1-80CC-4984-8FEA-30E5BF22ED52}"
EndProject
Global
	GlobalSection(SolutionConfigurationPlatforms) = preSolution
		Debug|Any CPU = Debug|Any CPU
		Release|Any CPU = Release|Any CPU
	EndGlobalSection
	GlobalSection(ProjectConfigurationPlatforms) = postSolution
		{1F662DE1-80CC-4984-8FEA-30E5BF22ED52}.Debug|Any CPU.ActiveCfg = Debug|Any CPU
		{1F662DE1-80CC-4984-8FEA-30E5BF22ED52}.Debug|Any CPU.Build.0 = Debug|Any CPU
		{1F662DE1-80CC-4984-8FEA-30E5BF22ED52}.Release|Any CPU.ActiveCfg = Release|Any CPU
		{1F662DE1-80CC-4984-8FEA-30E5BF22ED52}.Release|Any CPU.Build.0 = Release|Any CPU
	EndGlobalSection
	GlobalSection(SolutionProperties) = preSolution
		HideSolutionNode = FALSE
	EndGlobalSection
	GlobalSection(ExtensibilityGlobals) = postSolution
		SolutionGuid = {53E97F57-0C03-4689-A0FC-C6E9DE3C2152}
	EndGlobalSection
EndGlobal
